PODS:
  - AKUnionPayManager (0.1.0):
    - AKUnionPaySDK
  - AKUnionPaySDK (0.1.0)

DEPENDENCIES:
  - AKUnionPayManager (from `../`)
  - AKUnionPaySDK (from `git@github.com:ArtisanKid/AKUnionPaySDK.git`)

EXTERNAL SOURCES:
  AKUnionPayManager:
    :path: ../
  AKUnionPaySDK:
    :git: git@github.com:ArtisanKid/AKUnionPaySDK.git

CHECKOUT OPTIONS:
  AKUnionPaySDK:
    :commit: 9ee0f6275f8ac4281be08eb07a1ac8e36977db68
    :git: git@github.com:ArtisanKid/AKUnionPaySDK.git

SPEC CHECKSUMS:
  AKUnionPayManager: 20f009bb7a3e28b4b47038e4a2d43f75812e3931
  AKUnionPaySDK: 628ed11cb72539024e078fb36b2abd1a8bcbfa10

PODFILE CHECKSUM: f295dd6fa671dfe8226c270e02ab4d40d7f7d86c

COCOAPODS: 1.2.1
